
Microsoft Visual Studio Solution File, Format Version 12.00
# Visual Studio Version 17
VisualStudioVersion = 17.14.36109.1 d17.14
MinimumVisualStudioVersion = 10.0.40219.1
Project("{FAE04EC0-301F-11D3-BF4B-00C04F79EFBC}") = "CierreOrdenApp", "CierreOrdenApp.csproj", "{C8FBC1D4-68BE-AEB0-EB68-F177B38C2473}"
EndProject
Global
	GlobalSection(SolutionConfigurationPlatforms) = preSolution
		Debug|Any CPU = Debug|Any CPU
		Release|Any CPU = Release|Any CPU
	EndGlobalSection
	GlobalSection(ProjectConfigurationPlatforms) = postSolution
		{C8FBC1D4-68BE-AEB0-EB68-F177B38C2473}.Debug|Any CPU.ActiveCfg = Debug|Any CPU
		{C8FBC1D4-68BE-AEB0-EB68-F177B38C2473}.Debug|Any CPU.Build.0 = Debug|Any CPU
		{C8FBC1D4-68BE-AEB0-EB68-F177B38C2473}.Release|Any CPU.ActiveCfg = Release|Any CPU
		{C8FBC1D4-68BE-AEB0-EB68-F177B38C2473}.Release|Any CPU.Build.0 = Release|Any CPU
	EndGlobalSection
	GlobalSection(SolutionProperties) = preSolution
		HideSolutionNode = FALSE
	EndGlobalSection
	GlobalSection(ExtensibilityGlobals) = postSolution
		SolutionGuid = {F588B7DE-A9FD-41B5-8891-CF7932286266}
	EndGlobalSection
EndGlobal
